
Microsoft Visual Studio Solution File, Format Version 12.00
# Visual Studio Version 16
VisualStudioVersion = 16.0.31019.35
MinimumVisualStudioVersion = 10.0.40219.1
Project("{FAE04EC0-301F-11D3-BF4B-00C04F79EFBC}") = "het_betoverd_doolhof", "het_betoverd_doolhof.csproj", "{2D9FB3FA-80E9-4877-956A-289E3D410ECF}"
EndProject
Global
	GlobalSection(SolutionConfigurationPlatforms) = preSolution
		Debug|Any CPU = Debug|Any CPU
		Release|Any CPU = Release|Any CPU
	EndGlobalSection
	GlobalSection(ProjectConfigurationPlatforms) = postSolution
		{2D9FB3FA-80E9-4877-956A-289E3D410ECF}.Debug|Any CPU.ActiveCfg = Debug|Any CPU
		{2D9FB3FA-80E9-4877-956A-289E3D410ECF}.Debug|Any CPU.Build.0 = Debug|Any CPU
		{2D9FB3FA-80E9-4877-956A-289E3D410ECF}.Release|Any CPU.ActiveCfg = Release|Any CPU
		{2D9FB3FA-80E9-4877-956A-289E3D410ECF}.Release|Any CPU.Build.0 = Release|Any CPU
	EndGlobalSection
	GlobalSection(SolutionProperties) = preSolution
		HideSolutionNode = FALSE
	EndGlobalSection
	GlobalSection(ExtensibilityGlobals) = postSolution
		SolutionGuid = {E16600DC-F7FE-421E-94DE-D4D1938565EC}
	EndGlobalSection
EndGlobal
